PODS:
  - Google-Mobile-Ads-SDK (11.6.0):
    - GoogleUserMessagingPlatform (>= 1.1)
  - GoogleUserMessagingPlatform (2.5.0)

DEPENDENCIES:
  - Google-Mobile-Ads-SDK

SPEC REPOS:
  trunk:
    - Google-Mobile-Ads-SDK
    - GoogleUserMessagingPlatform

SPEC CHECKSUMS:
  Google-Mobile-Ads-SDK: 28339250757645a9bab066ebbe667fa48d2c9bd7
  GoogleUserMessagingPlatform: 6b4f48a370e77ce121d034c908cc6ee4fdafaf13

PODFILE CHECKSUM: 1c19ea65d7a5c5dd8f3f427bde050cfbd54ed163

COCOAPODS: 1.15.2
